// !$*UTF8*$!
{
	archiveVersion = 1;
	classes = {
	};
	objectVersion = 48;
	objects = {

/* Begin PBXBuildFile section */
		A6F541121FD7D93E002A3D24 /* AppDelegate.m in Sources */ = {isa = PBXBuildFile; fileRef = A6F541111FD7D93E002A3D24 /* AppDelegate.m */; };
		A6F541151FD7D93E002A3D24 /* ViewController.m in Sources */ = {isa = PBXBuildFile; fileRef = A6F541141FD7D93E002A3D24 /* ViewController.m */; };
		A6F541181FD7D93E002A3D24 /* Main.storyboard in Resources */ = {isa = PBXBuildFile; fileRef = A6F541161FD7D93E002A3D24 /* Main.storyboard */; };
		A6F5411A1FD7D93E002A3D24 /* Assets.xcassets in Resources */ = {isa = PBXBuildFile; fileRef = A6F541191FD7D93E002A3D24 /* Assets.xcassets */; };
		A6F5411D1FD7D93E002A3D24 /* LaunchScreen.storyboard in Resources */ = {isa = PBXBuildFile; fileRef = A6F5411B1FD7D93E002A3D24 /* LaunchScreen.storyboard */; };
		A6F541201FD7D93F002A3D24 /* main.m in Sources */ = {isa = PBXBuildFile; fileRef = A6F5411F1FD7D93F002A3D24 /* main.m */; };
		A6F541271FD7D99D002A3D24 /* UIDebuggingInformationOverlay+Enable.m in Sources */ = {isa = PBXBuildFile; fileRef = A6F541261FD7D99D002A3D24 /* UIDebuggingInformationOverlay+Enable.m */; };
/* End PBXBuildFile section */

/* Begin PBXFileReference section */
		A6F5410D1FD7D93E002A3D24 /* UIDebuggingTool.app */ = {isa = PBXFileReference; explicitFileType = wrapper.application; includeInIndex = 0; path = UIDebuggingTool.app; sourceTree = BUILT_PRODUCTS_DIR; };
		A6F541101FD7D93E002A3D24 /* AppDelegate.h */ = {isa = PBXFileReference; lastKnownFileType = sourcecode.c.h; path = AppDelegate.h; sourceTree = "<group>"; };
		A6F541111FD7D93E002A3D24 /* AppDelegate.m */ = {isa = PBXFileReference; lastKnownFileType = sourcecode.c.objc; path = AppDelegate.m; sourceTree = "<group>"; };
		A6F541131FD7D93E002A3D24 /* ViewController.h */ = {isa = PBXFileReference; lastKnownFileType = sourcecode.c.h; path = ViewController.h; sourceTree = "<group>"; };
		A6F541141FD7D93E002A3D24 /* ViewController.m */ = {isa = PBXFileReference; lastKnownFileType = sourcecode.c.objc; path = ViewController.m; sourceTree = "<group>"; };
		A6F541171FD7D93E002A3D24 /* Base */ = {isa = PBXFileReference; lastKnownFileType = file.storyboard; name = Base; path = Base.lproj/Main.storyboard; sourceTree = "<group>"; };
		A6F541191FD7D93E002A3D24 /* Assets.xcassets */ = {isa = PBXFileReference; lastKnownFileType = folder.assetcatalog; path = Assets.xcassets; sourceTree = "<group>"; };
		A6F5411C1FD7D93E002A3D24 /* Base */ = {isa = PBXFileReference; lastKnownFileType = file.storyboard; name = Base; path = Base.lproj/LaunchScreen.storyboard; sourceTree = "<group>"; };
		A6F5411E1FD7D93F002A3D24 /* Info.plist */ = {isa = PBXFileReference; lastKnownFileType = text.plist.xml; path = Info.plist; sourceTree = "<group>"; };
		A6F5411F1FD7D93F002A3D24 /* main.m */ = {isa = PBXFileReference; lastKnownFileType = sourcecode.c.objc; path = main.m; sourceTree = "<group>"; };
		A6F541261FD7D99D002A3D24 /* UIDebuggingInformationOverlay+Enable.m */ = {isa = PBXFileReference; fileEncoding = 4; lastKnownFileType = sourcecode.c.objc; path = "UIDebuggingInformationOverlay+Enable.m"; sourceTree = "<group>"; };
/* End PBXFileReference section */

/* Begin PBXFrameworksBuildPhase section */
		A6F5410A1FD7D93E002A3D24 /* Frameworks */ = {
			isa = PBXFrameworksBuildPhase;
			buildActionMask = 2147483647;
			files = (
			);
			runOnlyForDeploymentPostprocessing = 0;
		};
/* End PBXFrameworksBuildPhase section */

/* Begin PBXGroup section */
		A6F541041FD7D93E002A3D24 = {
			isa = PBXGroup;
			children = (
				A6F5410F1FD7D93E002A3D24 /* UIDebuggingTool */,
				A6F5410E1FD7D93E002A3D24 /* Products */,
			);
			sourceTree = "<group>";
		};
		A6F5410E1FD7D93E002A3D24 /* Products */ = {
			isa = PBXGroup;
			children = (
				A6F5410D1FD7D93E002A3D24 /* UIDebuggingTool.app */,
			);
			name = Products;
			sourceTree = "<group>";
		};
		A6F5410F1FD7D93E002A3D24 /* UIDebuggingTool */ = {
			isa = PBXGroup;
			children = (
				A6F541261FD7D99D002A3D24 /* UIDebuggingInformationOverlay+Enable.m */,
				A6F541101FD7D93E002A3D24 /* AppDelegate.h */,
				A6F541111FD7D93E002A3D24 /* AppDelegate.m */,
				A6F541131FD7D93E002A3D24 /* ViewController.h */,
				A6F541141FD7D93E002A3D24 /* ViewController.m */,
				A6F541161FD7D93E002A3D24 /* Main.storyboard */,
				A6F541191FD7D93E002A3D24 /* Assets.xcassets */,
				A6F5411B1FD7D93E002A3D24 /* LaunchScreen.storyboard */,
				A6F5411E1FD7D93F002A3D24 /* Info.plist */,
				A6F5411F1FD7D93F002A3D24 /* main.m */,
			);
			path = UIDebuggingTool;
			sourceTree = "<group>";
		};
/* End PBXGroup section */

/* Begin PBXNativeTarget section */
		A6F5410C1FD7D93E002A3D24 /* UIDebuggingTool */ = {
			isa = PBXNativeTarget;
			buildConfigurationList = A6F541231FD7D93F002A3D24 /* Build configuration list for PBXNativeTarget "UIDebuggingTool" */;
			buildPhases = (
				A6F541091FD7D93E002A3D24 /* Sources */,
				A6F5410A1FD7D93E002A3D24 /* Frameworks */,
				A6F5410B1FD7D93E002A3D24 /* Resources */,
			);
			buildRules = (
			);
			dependencies = (
			);
			name = UIDebuggingTool;
			productName = UIDebuggingTool;
			productReference = A6F5410D1FD7D93E002A3D24 /* UIDebuggingTool.app */;
			productType = "com.apple.product-type.application";
		};
/* End PBXNativeTarget section */

/* Begin PBXProject section */
		A6F541051FD7D93E002A3D24 /* Project object */ = {
			isa = PBXProject;
			attributes = {
				LastUpgradeCheck = 0910;
				ORGANIZATIONNAME = whf5566;
				TargetAttributes = {
					A6F5410C1FD7D93E002A3D24 = {
						CreatedOnToolsVersion = 9.1;
						ProvisioningStyle = Automatic;
					};
				};
			};
			buildConfigurationList = A6F541081FD7D93E002A3D24 /* Build configuration list for PBXProject "UIDebuggingTool" */;
			compatibilityVersion = "Xcode 8.0";
			developmentRegion = en;
			hasScannedForEncodings = 0;
			knownRegions = (
				en,
				Base,
			);
			mainGroup = A6F541041FD7D93E002A3D24;
			productRefGroup = A6F5410E1FD7D93E002A3D24 /* Products */;
			projectDirPath = "";
			projectRoot = "";
			targets = (
				A6F5410C1FD7D93E002A3D24 /* UIDebuggingTool */,
			);
		};
/* End PBXProject section */

/* Begin PBXResourcesBuildPhase section */
		A6F5410B1FD7D93E002A3D24 /* Resources */ = {
			isa = PBXResourcesBuildPhase;
			buildActionMask = 2147483647;
			files = (
				A6F5411D1FD7D93E002A3D24 /* LaunchScreen.storyboard in Resources */,
				A6F5411A1FD7D93E002A3D24 /* Assets.xcassets in Resources */,
				A6F541181FD7D93E002A3D24 /* Main.storyboard in Resources */,
			);
			runOnlyForDeploymentPostprocessing = 0;
		};
/* End PBXResourcesBuildPhase section */

/* Begin PBXSourcesBuildPhase section */
		A6F541091FD7D93E002A3D24 /* Sources */ = {
			isa = PBXSourcesBuildPhase;
			buildActionMask = 2147483647;
			files = (
				A6F541151FD7D93E002A3D24 /* ViewController.m in Sources */,
				A6F541271FD7D99D002A3D24 /* UIDebuggingInformationOverlay+Enable.m in Sources */,
				A6F541201FD7D93F002A3D24 /* main.m in Sources */,
				A6F541121FD7D93E002A3D24 /* AppDelegate.m in Sources */,
			);
			runOnlyForDeploymentPostprocessing = 0;
		};
/* End PBXSourcesBuildPhase section */

/* Begin PBXVariantGroup section */
		A6F541161FD7D93E002A3D24 /* Main.storyboard */ = {
			isa = PBXVariantGroup;
			children = (
				A6F541171FD7D93E002A3D24 /* Base */,
			);
			name = Main.storyboard;
			sourceTree = "<group>";
		};
		A6F5411B1FD7D93E002A3D24 /* LaunchScreen.storyboard */ = {
			isa = PBXVariantGroup;
			children = (
				A6F5411C1FD7D93E002A3D24 /* Base */,
			);
			name = LaunchScreen.storyboard;
			sourceTree = "<group>";
		};
/* End PBXVariantGroup section */

/* Begin XCBuildConfiguration section */
		A6F541211FD7D93F002A3D24 /* Debug */ = {
			isa = XCBuildConfiguration;
			buildSettings = {
				ALWAYS_SEARCH_USER_PATHS = NO;
				CLANG_ANALYZER_NONNULL = YES;
				CLANG_ANALYZER_NUMBER_OBJECT_CONVERSION = YES_AGGRESSIVE;
				CLANG_CXX_LANGUAGE_STANDARD = "gnu++14";
				CLANG_CXX_LIBRARY = "libc++";
				CLANG_ENABLE_MODULES = YES;
				CLANG_ENABLE_OBJC_ARC = YES;
				CLANG_WARN_BLOCK_CAPTURE_AUTORELEASING = YES;
				CLANG_WARN_BOOL_CONVERSION = YES;
				CLANG_WARN_COMMA = YES;
				CLANG_WARN_CONSTANT_CONVERSION = YES;
				CLANG_WARN_DIRECT_OBJC_ISA_USAGE = YES_ERROR;
				CLANG_WARN_DOCUMENTATION_COMMENTS = YES;
				CLANG_WARN_EMPTY_BODY = YES;
				CLANG_WARN_ENUM_CONVERSION = YES;
				CLANG_WARN_INFINITE_RECURSION = YES;
				CLANG_WARN_INT_CONVERSION = YES;
				CLANG_WARN_NON_LITERAL_NULL_CONVERSION = YES;
				CLANG_WARN_OBJC_LITERAL_CONVERSION = YES;
				CLANG_WARN_OBJC_ROOT_CLASS = YES_ERROR;
				CLANG_WARN_RANGE_LOOP_ANALYSIS = YES;
				CLANG_WARN_STRICT_PROTOTYPES = YES;
				CLANG_WARN_SUSPICIOUS_MOVE = YES;
				CLANG_WARN_UNGUARDED_AVAILABILITY = YES_AGGRESSIVE;
				CLANG_WARN_UNREACHABLE_CODE = YES;
				CLANG_WARN__DUPLICATE_METHOD_MATCH = YES;
				CODE_SIGN_IDENTITY = "iPhone Developer";
				COPY_PHASE_STRIP = NO;
				DEBUG_INFORMATION_FORMAT = dwarf;
				ENABLE_STRICT_OBJC_MSGSEND = YES;
				ENABLE_TESTABILITY = YES;
				GCC_C_LANGUAGE_STANDARD = gnu11;
				GCC_DYNAMIC_NO_PIC = NO;
				GCC_NO_COMMON_BLOCKS = YES;
				GCC_OPTIMIZATION_LEVEL = 0;
				GCC_PREPROCESSOR_DEFINITIONS = (
					"DEBUG=1",
					"$(inherited)",
				);
				GCC_WARN_64_TO_32_BIT_CONVERSION = YES;
				GCC_WARN_ABOUT_RETURN_TYPE = YES_ERROR;
				GCC_WARN_UNDECLARED_SELECTOR = YES;
				GCC_WARN_UNINITIALIZED_AUTOS = YES_AGGRESSIVE;
				GCC_WARN_UNUSED_FUNCTION = YES;
				GCC_WARN_UNUSED_VARIABLE = YES;
				IPHONEOS_DEPLOYMENT_TARGET = 9.0;
				MTL_ENABLE_DEBUG_INFO = YES;
				ONLY_ACTIVE_ARCH = YES;
				SDKROOT = iphoneos;
			};
			name = Debug;
		};
		A6F541221FD7D93F002A3D24 /* Release */ = {
			isa = XCBuildConfiguration;
			buildSettings = {
				ALWAYS_SEARCH_USER_PATHS = NO;
				CLANG_ANALYZER_NONNULL = YES;
				CLANG_ANALYZER_NUMBER_OBJECT_CONVERSION = YES_AGGRESSIVE;
				CLANG_CXX_LANGUAGE_STANDARD = "gnu++14";
				CLANG_CXX_LIBRARY = "libc++";
				CLANG_ENABLE_MODULES = YES;
				CLANG_ENABLE_OBJC_ARC = YES;
				CLANG_WARN_BLOCK_CAPTURE_AUTORELEASING = YES;
				CLANG_WARN_BOOL_CONVERSION = YES;
				CLANG_WARN_COMMA = YES;
				CLANG_WARN_CONSTANT_CONVERSION = YES;
				CLANG_WARN_DIRECT_OBJC_ISA_USAGE = YES_ERROR;
				CLANG_WARN_DOCUMENTATION_COMMENTS = YES;
				CLANG_WARN_EMPTY_BODY = YES;
				CLANG_WARN_ENUM_CONVERSION = YES;
				CLANG_WARN_INFINITE_RECURSION = YES;
				CLANG_WARN_INT_CONVERSION = YES;
				CLANG_WARN_NON_LITERAL_NULL_CONVERSION = YES;
				CLANG_WARN_OBJC_LITERAL_CONVERSION = YES;
				CLANG_WARN_OBJC_ROOT_CLASS = YES_ERROR;
				CLANG_WARN_RANGE_LOOP_ANALYSIS = YES;
				CLANG_WARN_STRICT_PROTOTYPES = YES;
				CLANG_WARN_SUSPICIOUS_MOVE = YES;
				CLANG_WARN_UNGUARDED_AVAILABILITY = YES_AGGRESSIVE;
				CLANG_WARN_UNREACHABLE_CODE = YES;
				CLANG_WARN__DUPLICATE_METHOD_MATCH = YES;
				CODE_SIGN_IDENTITY = "iPhone Developer";
				COPY_PHASE_STRIP = NO;
				DEBUG_INFORMATION_FORMAT = "dwarf-with-dsym";
				ENABLE_NS_ASSERTIONS = NO;
				ENABLE_STRICT_OBJC_MSGSEND = YES;
				GCC_C_LANGUAGE_STANDARD = gnu11;
				GCC_NO_COMMON_BLOCKS = YES;
				GCC_WARN_64_TO_32_BIT_CONVERSION = YES;
				GCC_WARN_ABOUT_RETURN_TYPE = YES_ERROR;
				GCC_WARN_UNDECLARED_SELECTOR = YES;
				GCC_WARN_UNINITIALIZED_AUTOS = YES_AGGRESSIVE;
				GCC_WARN_UNUSED_FUNCTION = YES;
				GCC_WARN_UNUSED_VARIABLE = YES;
				IPHONEOS_DEPLOYMENT_TARGET = 9.0;
				MTL_ENABLE_DEBUG_INFO = NO;
				SDKROOT = iphoneos;
				VALIDATE_PRODUCT = YES;
			};
			name = Release;
		};
		A6F541241FD7D93F002A3D24 /* Debug */ = {
			isa = XCBuildConfiguration;
			buildSettings = {
				ASSETCATALOG_COMPILER_APPICON_NAME = AppIcon;
				CODE_SIGN_STYLE = Automatic;
				DEVELOPMENT_TEAM = NAY9JJLW74;
				INFOPLIST_FILE = UIDebuggingTool/Info.plist;
				IPHONEOS_DEPLOYMENT_TARGET = 9.0;
				LD_RUNPATH_SEARCH_PATHS = "$(inherited) @executable_path/Frameworks";
				PRODUCT_BUNDLE_IDENTIFIER = com.whf5566.UIDebuggingTool;
				PRODUCT_NAME = "$(TARGET_NAME)";
				TARGETED_DEVICE_FAMILY = "1,2";
			};
			name = Debug;
		};
		A6F541251FD7D93F002A3D24 /* Release */ = {
			isa = XCBuildConfiguration;
			buildSettings = {
				ASSETCATALOG_COMPILER_APPICON_NAME = AppIcon;
				CODE_SIGN_STYLE = Automatic;
				DEVELOPMENT_TEAM = NAY9JJLW74;
				INFOPLIST_FILE = UIDebuggingTool/Info.plist;
				IPHONEOS_DEPLOYMENT_TARGET = 9.0;
				LD_RUNPATH_SEARCH_PATHS = "$(inherited) @executable_path/Frameworks";
				PRODUCT_BUNDLE_IDENTIFIER = com.whf5566.UIDebuggingTool;
				PRODUCT_NAME = "$(TARGET_NAME)";
				TARGETED_DEVICE_FAMILY = "1,2";
			};
			name = Release;
		};
/* End XCBuildConfiguration section */

/* Begin XCConfigurationList section */
		A6F541081FD7D93E002A3D24 /* Build configuration list for PBXProject "UIDebuggingTool" */ = {
			isa = XCConfigurationList;
			buildConfigurations = (
				A6F541211FD7D93F002A3D24 /* Debug */,
				A6F541221FD7D93F002A3D24 /* Release */,
			);
			defaultConfigurationIsVisible = 0;
			defaultConfigurationName = Release;
		};
		A6F541231FD7D93F002A3D24 /* Build configuration list for PBXNativeTarget "UIDebuggingTool" */ = {
			isa = XCConfigurationList;
			buildConfigurations = (
				A6F541241FD7D93F002A3D24 /* Debug */,
				A6F541251FD7D93F002A3D24 /* Release */,
			);
			defaultConfigurationIsVisible = 0;
			defaultConfigurationName = Release;
		};
/* End XCConfigurationList section */
	};
	rootObject = A6F541051FD7D93E002A3D24 /* Project object */;
}
